// !$*UTF8*$!
{
	archiveVersion = 1;
	classes = {
	};
	objectVersion = 60;
	objects = {

/* Begin PBXBuildFile section */
		353A79812AF417A3009230F2 /* ContentView.swift in Sources */ = {isa = PBXBuildFile; fileRef = 353A79802AF417A3009230F2 /* ContentView.swift */; };
		353A79852AF417A5009230F2 /* Assets.xcassets in Resources */ = {isa = PBXBuildFile; fileRef = 353A79842AF417A5009230F2 /* Assets.xcassets */; };
		353A79882AF417A5009230F2 /* Preview Assets.xcassets in Resources */ = {isa = PBXBuildFile; fileRef = 353A79872AF417A5009230F2 /* Preview Assets.xcassets */; };
		353A79922AF417A5009230F2 /* MovieListTests.swift in Sources */ = {isa = PBXBuildFile; fileRef = 353A79912AF417A5009230F2 /* MovieListTests.swift */; };
		353A799C2AF417A5009230F2 /* MovieListUITests.swift in Sources */ = {isa = PBXBuildFile; fileRef = 353A799B2AF417A5009230F2 /* MovieListUITests.swift */; };
		353A799E2AF417A5009230F2 /* MovieListUITestsLaunchTests.swift in Sources */ = {isa = PBXBuildFile; fileRef = 353A799D2AF417A5009230F2 /* MovieListUITestsLaunchTests.swift */; };
		35C37B172AF6C15900F47537 /* Apollo in Frameworks */ = {isa = PBXBuildFile; productRef = 35C37B162AF6C15900F47537 /* Apollo */; };
		35DADF0B2AF4187A0062FAD2 /* graphql in Resources */ = {isa = PBXBuildFile; fileRef = 35DADF0A2AF4187A0062FAD2 /* graphql */; };
		35DADF0E2AF419250062FAD2 /* MovieAPI in Frameworks */ = {isa = PBXBuildFile; productRef = 35DADF0D2AF419250062FAD2 /* MovieAPI */; };
		35DADF112AF419B90062FAD2 /* Network.swift in Sources */ = {isa = PBXBuildFile; fileRef = 35DADF102AF419B90062FAD2 /* Network.swift */; };
		35DADF152AF421020062FAD2 /* ViewModel.swift in Sources */ = {isa = PBXBuildFile; fileRef = 35DADF142AF421020062FAD2 /* ViewModel.swift */; };
		35DADF172AF422910062FAD2 /* MovieListApp.swift in Sources */ = {isa = PBXBuildFile; fileRef = 35DADF162AF422910062FAD2 /* MovieListApp.swift */; };
/* End PBXBuildFile section */

/* Begin PBXContainerItemProxy section */
		353A798E2AF417A5009230F2 /* PBXContainerItemProxy */ = {
			isa = PBXContainerItemProxy;
			containerPortal = 353A79732AF417A3009230F2 /* Project object */;
			proxyType = 1;
			remoteGlobalIDString = 353A797A2AF417A3009230F2;
			remoteInfo = MovieList;
		};
		353A79982AF417A5009230F2 /* PBXContainerItemProxy */ = {
			isa = PBXContainerItemProxy;
			containerPortal = 353A79732AF417A3009230F2 /* Project object */;
			proxyType = 1;
			remoteGlobalIDString = 353A797A2AF417A3009230F2;
			remoteInfo = MovieList;
		};
/* End PBXContainerItemProxy section */

/* Begin PBXFileReference section */
		353A797B2AF417A3009230F2 /* MovieList.app */ = {isa = PBXFileReference; explicitFileType = wrapper.application; includeInIndex = 0; path = MovieList.app; sourceTree = BUILT_PRODUCTS_DIR; };
		353A79802AF417A3009230F2 /* ContentView.swift */ = {isa = PBXFileReference; lastKnownFileType = sourcecode.swift; path = ContentView.swift; sourceTree = "<group>"; };
		353A79842AF417A5009230F2 /* Assets.xcassets */ = {isa = PBXFileReference; lastKnownFileType = folder.assetcatalog; path = Assets.xcassets; sourceTree = "<group>"; };
		353A79872AF417A5009230F2 /* Preview Assets.xcassets */ = {isa = PBXFileReference; lastKnownFileType = folder.assetcatalog; path = "Preview Assets.xcassets"; sourceTree = "<group>"; };
		353A798D2AF417A5009230F2 /* MovieListTests.xctest */ = {isa = PBXFileReference; explicitFileType = wrapper.cfbundle; includeInIndex = 0; path = MovieListTests.xctest; sourceTree = BUILT_PRODUCTS_DIR; };
		353A79912AF417A5009230F2 /* MovieListTests.swift */ = {isa = PBXFileReference; lastKnownFileType = sourcecode.swift; path = MovieListTests.swift; sourceTree = "<group>"; };
		353A79972AF417A5009230F2 /* MovieListUITests.xctest */ = {isa = PBXFileReference; explicitFileType = wrapper.cfbundle; includeInIndex = 0; path = MovieListUITests.xctest; sourceTree = BUILT_PRODUCTS_DIR; };
		353A799B2AF417A5009230F2 /* MovieListUITests.swift */ = {isa = PBXFileReference; lastKnownFileType = sourcecode.swift; path = MovieListUITests.swift; sourceTree = "<group>"; };
		353A799D2AF417A5009230F2 /* MovieListUITestsLaunchTests.swift */ = {isa = PBXFileReference; lastKnownFileType = sourcecode.swift; path = MovieListUITestsLaunchTests.swift; sourceTree = "<group>"; };
		35DADF0A2AF4187A0062FAD2 /* graphql */ = {isa = PBXFileReference; lastKnownFileType = folder; path = graphql; sourceTree = "<group>"; };
		35DADF102AF419B90062FAD2 /* Network.swift */ = {isa = PBXFileReference; lastKnownFileType = sourcecode.swift; path = Network.swift; sourceTree = "<group>"; };
		35DADF142AF421020062FAD2 /* ViewModel.swift */ = {isa = PBXFileReference; lastKnownFileType = sourcecode.swift; path = ViewModel.swift; sourceTree = "<group>"; };
		35DADF162AF422910062FAD2 /* MovieListApp.swift */ = {isa = PBXFileReference; fileEncoding = 4; lastKnownFileType = sourcecode.swift; path = MovieListApp.swift; sourceTree = "<group>"; };
/* End PBXFileReference section */

/* Begin PBXFrameworksBuildPhase section */
		353A79782AF417A3009230F2 /* Frameworks */ = {
			isa = PBXFrameworksBuildPhase;
			buildActionMask = 2147483647;
			files = (
				35DADF0E2AF419250062FAD2 /* MovieAPI in Frameworks */,
				35C37B172AF6C15900F47537 /* Apollo in Frameworks */,
			);
			runOnlyForDeploymentPostprocessing = 0;
		};
		353A798A2AF417A5009230F2 /* Frameworks */ = {
			isa = PBXFrameworksBuildPhase;
			buildActionMask = 2147483647;
			files = (
			);
			runOnlyForDeploymentPostprocessing = 0;
		};
		353A79942AF417A5009230F2 /* Frameworks */ = {
			isa = PBXFrameworksBuildPhase;
			buildActionMask = 2147483647;
			files = (
			);
			runOnlyForDeploymentPostprocessing = 0;
		};
/* End PBXFrameworksBuildPhase section */

/* Begin PBXGroup section */
		353A79722AF417A3009230F2 = {
			isa = PBXGroup;
			children = (
				35DADF142AF421020062FAD2 /* ViewModel.swift */,
				35DADF102AF419B90062FAD2 /* Network.swift */,
				35DADF0A2AF4187A0062FAD2 /* graphql */,
				353A797D2AF417A3009230F2 /* MovieList */,
				353A79902AF417A5009230F2 /* MovieListTests */,
				353A799A2AF417A5009230F2 /* MovieListUITests */,
				353A797C2AF417A3009230F2 /* Products */,
				35DADF0F2AF419650062FAD2 /* Frameworks */,
			);
			sourceTree = "<group>";
		};
		353A797C2AF417A3009230F2 /* Products */ = {
			isa = PBXGroup;
			children = (
				353A797B2AF417A3009230F2 /* MovieList.app */,
				353A798D2AF417A5009230F2 /* MovieListTests.xctest */,
				353A79972AF417A5009230F2 /* MovieListUITests.xctest */,
			);
			name = Products;
			sourceTree = "<group>";
		};
		353A797D2AF417A3009230F2 /* MovieList */ = {
			isa = PBXGroup;
			children = (
				35DADF162AF422910062FAD2 /* MovieListApp.swift */,
				353A79802AF417A3009230F2 /* ContentView.swift */,
				353A79842AF417A5009230F2 /* Assets.xcassets */,
				353A79862AF417A5009230F2 /* Preview Content */,
			);
			path = MovieList;
			sourceTree = "<group>";
		};
		353A79862AF417A5009230F2 /* Preview Content */ = {
			isa = PBXGroup;
			children = (
				353A79872AF417A5009230F2 /* Preview Assets.xcassets */,
			);
			path = "Preview Content";
			sourceTree = "<group>";
		};
		353A79902AF417A5009230F2 /* MovieListTests */ = {
			isa = PBXGroup;
			children = (
				353A79912AF417A5009230F2 /* MovieListTests.swift */,
			);
			path = MovieListTests;
			sourceTree = "<group>";
		};
		353A799A2AF417A5009230F2 /* MovieListUITests */ = {
			isa = PBXGroup;
			children = (
				353A799B2AF417A5009230F2 /* MovieListUITests.swift */,
				353A799D2AF417A5009230F2 /* MovieListUITestsLaunchTests.swift */,
			);
			path = MovieListUITests;
			sourceTree = "<group>";
		};
		35DADF0F2AF419650062FAD2 /* Frameworks */ = {
			isa = PBXGroup;
			children = (
			);
			name = Frameworks;
			sourceTree = "<group>";
		};
/* End PBXGroup section */

/* Begin PBXNativeTarget section */
		353A797A2AF417A3009230F2 /* MovieList */ = {
			isa = PBXNativeTarget;
			buildConfigurationList = 353A79A12AF417A5009230F2 /* Build configuration list for PBXNativeTarget "MovieList" */;
			buildPhases = (
				353A79772AF417A3009230F2 /* Sources */,
				353A79782AF417A3009230F2 /* Frameworks */,
				353A79792AF417A3009230F2 /* Resources */,
			);
			buildRules = (
			);
			dependencies = (
			);
			name = MovieList;
			packageProductDependencies = (
				35DADF0D2AF419250062FAD2 /* MovieAPI */,
				35C37B162AF6C15900F47537 /* Apollo */,
			);
			productName = MovieList;
			productReference = 353A797B2AF417A3009230F2 /* MovieList.app */;
			productType = "com.apple.product-type.application";
		};
		353A798C2AF417A5009230F2 /* MovieListTests */ = {
			isa = PBXNativeTarget;
			buildConfigurationList = 353A79A42AF417A5009230F2 /* Build configuration list for PBXNativeTarget "MovieListTests" */;
			buildPhases = (
				353A79892AF417A5009230F2 /* Sources */,
				353A798A2AF417A5009230F2 /* Frameworks */,
				353A798B2AF417A5009230F2 /* Resources */,
			);
			buildRules = (
			);
			dependencies = (
				353A798F2AF417A5009230F2 /* PBXTargetDependency */,
			);
			name = MovieListTests;
			productName = MovieListTests;
			productReference = 353A798D2AF417A5009230F2 /* MovieListTests.xctest */;
			productType = "com.apple.product-type.bundle.unit-test";
		};
		353A79962AF417A5009230F2 /* MovieListUITests */ = {
			isa = PBXNativeTarget;
			buildConfigurationList = 353A79A72AF417A5009230F2 /* Build configuration list for PBXNativeTarget "MovieListUITests" */;
			buildPhases = (
				353A79932AF417A5009230F2 /* Sources */,
				353A79942AF417A5009230F2 /* Frameworks */,
				353A79952AF417A5009230F2 /* Resources */,
			);
			buildRules = (
			);
			dependencies = (
				353A79992AF417A5009230F2 /* PBXTargetDependency */,
			);
			name = MovieListUITests;
			productName = MovieListUITests;
			productReference = 353A79972AF417A5009230F2 /* MovieListUITests.xctest */;
			productType = "com.apple.product-type.bundle.ui-testing";
		};
/* End PBXNativeTarget section */

/* Begin PBXProject section */
		353A79732AF417A3009230F2 /* Project object */ = {
			isa = PBXProject;
			attributes = {
				BuildIndependentTargetsInParallel = 1;
				LastSwiftUpdateCheck = 1500;
				LastUpgradeCheck = 1500;
				TargetAttributes = {
					353A797A2AF417A3009230F2 = {
						CreatedOnToolsVersion = 15.0.1;
					};
					353A798C2AF417A5009230F2 = {
						CreatedOnToolsVersion = 15.0.1;
						TestTargetID = 353A797A2AF417A3009230F2;
					};
					353A79962AF417A5009230F2 = {
						CreatedOnToolsVersion = 15.0.1;
						TestTargetID = 353A797A2AF417A3009230F2;
					};
				};
			};
			buildConfigurationList = 353A79762AF417A3009230F2 /* Build configuration list for PBXProject "MovieList" */;
			compatibilityVersion = "Xcode 14.0";
			developmentRegion = en;
			hasScannedForEncodings = 0;
			knownRegions = (
				en,
				Base,
			);
			mainGroup = 353A79722AF417A3009230F2;
			packageReferences = (
				35DADF0C2AF419250062FAD2 /* XCLocalSwiftPackageReference "MovieAPI" */,
				35C37B152AF6C15900F47537 /* XCRemoteSwiftPackageReference "apollo-ios" */,
			);
			productRefGroup = 353A797C2AF417A3009230F2 /* Products */;
			projectDirPath = "";
			projectRoot = "";
			targets = (
				353A797A2AF417A3009230F2 /* MovieList */,
				353A798C2AF417A5009230F2 /* MovieListTests */,
				353A79962AF417A5009230F2 /* MovieListUITests */,
			);
		};
/* End PBXProject section */

/* Begin PBXResourcesBuildPhase section */
		353A79792AF417A3009230F2 /* Resources */ = {
			isa = PBXResourcesBuildPhase;
			buildActionMask = 2147483647;
			files = (
				35DADF0B2AF4187A0062FAD2 /* graphql in Resources */,
				353A79882AF417A5009230F2 /* Preview Assets.xcassets in Resources */,
				353A79852AF417A5009230F2 /* Assets.xcassets in Resources */,
			);
			runOnlyForDeploymentPostprocessing = 0;
		};
		353A798B2AF417A5009230F2 /* Resources */ = {
			isa = PBXResourcesBuildPhase;
			buildActionMask = 2147483647;
			files = (
			);
			runOnlyForDeploymentPostprocessing = 0;
		};
		353A79952AF417A5009230F2 /* Resources */ = {
			isa = PBXResourcesBuildPhase;
			buildActionMask = 2147483647;
			files = (
			);
			runOnlyForDeploymentPostprocessing = 0;
		};
/* End PBXResourcesBuildPhase section */

/* Begin PBXSourcesBuildPhase section */
		353A79772AF417A3009230F2 /* Sources */ = {
			isa = PBXSourcesBuildPhase;
			buildActionMask = 2147483647;
			files = (
				35DADF152AF421020062FAD2 /* ViewModel.swift in Sources */,
				353A79812AF417A3009230F2 /* ContentView.swift in Sources */,
				35DADF172AF422910062FAD2 /* MovieListApp.swift in Sources */,
				35DADF112AF419B90062FAD2 /* Network.swift in Sources */,
			);
			runOnlyForDeploymentPostprocessing = 0;
		};
		353A79892AF417A5009230F2 /* Sources */ = {
			isa = PBXSourcesBuildPhase;
			buildActionMask = 2147483647;
			files = (
				353A79922AF417A5009230F2 /* MovieListTests.swift in Sources */,
			);
			runOnlyForDeploymentPostprocessing = 0;
		};
		353A79932AF417A5009230F2 /* Sources */ = {
			isa = PBXSourcesBuildPhase;
			buildActionMask = 2147483647;
			files = (
				353A799C2AF417A5009230F2 /* MovieListUITests.swift in Sources */,
				353A799E2AF417A5009230F2 /* MovieListUITestsLaunchTests.swift in Sources */,
			);
			runOnlyForDeploymentPostprocessing = 0;
		};
/* End PBXSourcesBuildPhase section */

/* Begin PBXTargetDependency section */
		353A798F2AF417A5009230F2 /* PBXTargetDependency */ = {
			isa = PBXTargetDependency;
			target = 353A797A2AF417A3009230F2 /* MovieList */;
			targetProxy = 353A798E2AF417A5009230F2 /* PBXContainerItemProxy */;
		};
		353A79992AF417A5009230F2 /* PBXTargetDependency */ = {
			isa = PBXTargetDependency;
			target = 353A797A2AF417A3009230F2 /* MovieList */;
			targetProxy = 353A79982AF417A5009230F2 /* PBXContainerItemProxy */;
		};
/* End PBXTargetDependency section */

/* Begin XCBuildConfiguration section */
		353A799F2AF417A5009230F2 /* Debug */ = {
			isa = XCBuildConfiguration;
			buildSettings = {
				ALWAYS_SEARCH_USER_PATHS = NO;
				ASSETCATALOG_COMPILER_GENERATE_SWIFT_ASSET_SYMBOL_EXTENSIONS = YES;
				CLANG_ANALYZER_NONNULL = YES;
				CLANG_ANALYZER_NUMBER_OBJECT_CONVERSION = YES_AGGRESSIVE;
				CLANG_CXX_LANGUAGE_STANDARD = "gnu++20";
				CLANG_ENABLE_MODULES = YES;
				CLANG_ENABLE_OBJC_ARC = YES;
				CLANG_ENABLE_OBJC_WEAK = YES;
				CLANG_WARN_BLOCK_CAPTURE_AUTORELEASING = YES;
				CLANG_WARN_BOOL_CONVERSION = YES;
				CLANG_WARN_COMMA = YES;
				CLANG_WARN_CONSTANT_CONVERSION = YES;
				CLANG_WARN_DEPRECATED_OBJC_IMPLEMENTATIONS = YES;
				CLANG_WARN_DIRECT_OBJC_ISA_USAGE = YES_ERROR;
				CLANG_WARN_DOCUMENTATION_COMMENTS = YES;
				CLANG_WARN_EMPTY_BODY = YES;
				CLANG_WARN_ENUM_CONVERSION = YES;
				CLANG_WARN_INFINITE_RECURSION = YES;
				CLANG_WARN_INT_CONVERSION = YES;
				CLANG_WARN_NON_LITERAL_NULL_CONVERSION = YES;
				CLANG_WARN_OBJC_IMPLICIT_RETAIN_SELF = YES;
				CLANG_WARN_OBJC_LITERAL_CONVERSION = YES;
				CLANG_WARN_OBJC_ROOT_CLASS = YES_ERROR;
				CLANG_WARN_QUOTED_INCLUDE_IN_FRAMEWORK_HEADER = YES;
				CLANG_WARN_RANGE_LOOP_ANALYSIS = YES;
				CLANG_WARN_STRICT_PROTOTYPES = YES;
				CLANG_WARN_SUSPICIOUS_MOVE = YES;
				CLANG_WARN_UNGUARDED_AVAILABILITY = YES_AGGRESSIVE;
				CLANG_WARN_UNREACHABLE_CODE = YES;
				CLANG_WARN__DUPLICATE_METHOD_MATCH = YES;
				COPY_PHASE_STRIP = NO;
				DEBUG_INFORMATION_FORMAT = dwarf;
				ENABLE_STRICT_OBJC_MSGSEND = YES;
				ENABLE_TESTABILITY = YES;
				ENABLE_USER_SCRIPT_SANDBOXING = YES;
				GCC_C_LANGUAGE_STANDARD = gnu17;
				GCC_DYNAMIC_NO_PIC = NO;
				GCC_NO_COMMON_BLOCKS = YES;
				GCC_OPTIMIZATION_LEVEL = 0;
				GCC_PREPROCESSOR_DEFINITIONS = (
					"DEBUG=1",
					"$(inherited)",
				);
				GCC_WARN_64_TO_32_BIT_CONVERSION = YES;
				GCC_WARN_ABOUT_RETURN_TYPE = YES_ERROR;
				GCC_WARN_UNDECLARED_SELECTOR = YES;
				GCC_WARN_UNINITIALIZED_AUTOS = YES_AGGRESSIVE;
				GCC_WARN_UNUSED_FUNCTION = YES;
				GCC_WARN_UNUSED_VARIABLE = YES;
				IPHONEOS_DEPLOYMENT_TARGET = 17.0;
				LOCALIZATION_PREFERS_STRING_CATALOGS = YES;
				MTL_ENABLE_DEBUG_INFO = INCLUDE_SOURCE;
				MTL_FAST_MATH = YES;
				ONLY_ACTIVE_ARCH = YES;
				SDKROOT = iphoneos;
				SWIFT_ACTIVE_COMPILATION_CONDITIONS = "DEBUG $(inherited)";
				SWIFT_OPTIMIZATION_LEVEL = "-Onone";
			};
			name = Debug;
		};
		353A79A02AF417A5009230F2 /* Release */ = {
			isa = XCBuildConfiguration;
			buildSettings = {
				ALWAYS_SEARCH_USER_PATHS = NO;
				ASSETCATALOG_COMPILER_GENERATE_SWIFT_ASSET_SYMBOL_EXTENSIONS = YES;
				CLANG_ANALYZER_NONNULL = YES;
				CLANG_ANALYZER_NUMBER_OBJECT_CONVERSION = YES_AGGRESSIVE;
				CLANG_CXX_LANGUAGE_STANDARD = "gnu++20";
				CLANG_ENABLE_MODULES = YES;
				CLANG_ENABLE_OBJC_ARC = YES;
				CLANG_ENABLE_OBJC_WEAK = YES;
				CLANG_WARN_BLOCK_CAPTURE_AUTORELEASING = YES;
				CLANG_WARN_BOOL_CONVERSION = YES;
				CLANG_WARN_COMMA = YES;
				CLANG_WARN_CONSTANT_CONVERSION = YES;
				CLANG_WARN_DEPRECATED_OBJC_IMPLEMENTATIONS = YES;
				CLANG_WARN_DIRECT_OBJC_ISA_USAGE = YES_ERROR;
				CLANG_WARN_DOCUMENTATION_COMMENTS = YES;
				CLANG_WARN_EMPTY_BODY = YES;
				CLANG_WARN_ENUM_CONVERSION = YES;
				CLANG_WARN_INFINITE_RECURSION = YES;
				CLANG_WARN_INT_CONVERSION = YES;
				CLANG_WARN_NON_LITERAL_NULL_CONVERSION = YES;
				CLANG_WARN_OBJC_IMPLICIT_RETAIN_SELF = YES;
				CLANG_WARN_OBJC_LITERAL_CONVERSION = YES;
				CLANG_WARN_OBJC_ROOT_CLASS = YES_ERROR;
				CLANG_WARN_QUOTED_INCLUDE_IN_FRAMEWORK_HEADER = YES;
				CLANG_WARN_RANGE_LOOP_ANALYSIS = YES;
				CLANG_WARN_STRICT_PROTOTYPES = YES;
				CLANG_WARN_SUSPICIOUS_MOVE = YES;
				CLANG_WARN_UNGUARDED_AVAILABILITY = YES_AGGRESSIVE;
				CLANG_WARN_UNREACHABLE_CODE = YES;
				CLANG_WARN__DUPLICATE_METHOD_MATCH = YES;
				COPY_PHASE_STRIP = NO;
				DEBUG_INFORMATION_FORMAT = "dwarf-with-dsym";
				ENABLE_NS_ASSERTIONS = NO;
				ENABLE_STRICT_OBJC_MSGSEND = YES;
				ENABLE_USER_SCRIPT_SANDBOXING = YES;
				GCC_C_LANGUAGE_STANDARD = gnu17;
				GCC_NO_COMMON_BLOCKS = YES;
				GCC_WARN_64_TO_32_BIT_CONVERSION = YES;
				GCC_WARN_ABOUT_RETURN_TYPE = YES_ERROR;
				GCC_WARN_UNDECLARED_SELECTOR = YES;
				GCC_WARN_UNINITIALIZED_AUTOS = YES_AGGRESSIVE;
				GCC_WARN_UNUSED_FUNCTION = YES;
				GCC_WARN_UNUSED_VARIABLE = YES;
				IPHONEOS_DEPLOYMENT_TARGET = 17.0;
				LOCALIZATION_PREFERS_STRING_CATALOGS = YES;
				MTL_ENABLE_DEBUG_INFO = NO;
				MTL_FAST_MATH = YES;
				SDKROOT = iphoneos;
				SWIFT_COMPILATION_MODE = wholemodule;
				VALIDATE_PRODUCT = YES;
			};
			name = Release;
		};
		353A79A22AF417A5009230F2 /* Debug */ = {
			isa = XCBuildConfiguration;
			buildSettings = {
				ASSETCATALOG_COMPILER_APPICON_NAME = AppIcon;
				ASSETCATALOG_COMPILER_GLOBAL_ACCENT_COLOR_NAME = AccentColor;
				CODE_SIGN_STYLE = Automatic;
				CURRENT_PROJECT_VERSION = 1;
				DEVELOPMENT_ASSET_PATHS = "\"MovieList/Preview Content\"";
				DEVELOPMENT_TEAM = 8H8FM59XU5;
				ENABLE_PREVIEWS = YES;
				GENERATE_INFOPLIST_FILE = YES;
				INFOPLIST_KEY_UIApplicationSceneManifest_Generation = YES;
				INFOPLIST_KEY_UIApplicationSupportsIndirectInputEvents = YES;
				INFOPLIST_KEY_UILaunchScreen_Generation = YES;
				INFOPLIST_KEY_UISupportedInterfaceOrientations_iPad = "UIInterfaceOrientationPortrait UIInterfaceOrientationPortraitUpsideDown UIInterfaceOrientationLandscapeLeft UIInterfaceOrientationLandscapeRight";
				INFOPLIST_KEY_UISupportedInterfaceOrientations_iPhone = "UIInterfaceOrientationPortrait UIInterfaceOrientationLandscapeLeft UIInterfaceOrientationLandscapeRight";
				LD_RUNPATH_SEARCH_PATHS = (
					"$(inherited)",
					"@executable_path/Frameworks",
				);
				MARKETING_VERSION = 1.0;
				PRODUCT_BUNDLE_IDENTIFIER = com.bugfender.movieapi.MovieList;
				PRODUCT_NAME = "$(TARGET_NAME)";
				SWIFT_EMIT_LOC_STRINGS = YES;
				SWIFT_VERSION = 5.0;
				TARGETED_DEVICE_FAMILY = "1,2";
			};
			name = Debug;
		};
		353A79A32AF417A5009230F2 /* Release */ = {
			isa = XCBuildConfiguration;
			buildSettings = {
				ASSETCATALOG_COMPILER_APPICON_NAME = AppIcon;
				ASSETCATALOG_COMPILER_GLOBAL_ACCENT_COLOR_NAME = AccentColor;
				CODE_SIGN_STYLE = Automatic;
				CURRENT_PROJECT_VERSION = 1;
				DEVELOPMENT_ASSET_PATHS = "\"MovieList/Preview Content\"";
				DEVELOPMENT_TEAM = 8H8FM59XU5;
				ENABLE_PREVIEWS = YES;
				GENERATE_INFOPLIST_FILE = YES;
				INFOPLIST_KEY_UIApplicationSceneManifest_Generation = YES;
				INFOPLIST_KEY_UIApplicationSupportsIndirectInputEvents = YES;
				INFOPLIST_KEY_UILaunchScreen_Generation = YES;
				INFOPLIST_KEY_UISupportedInterfaceOrientations_iPad = "UIInterfaceOrientationPortrait UIInterfaceOrientationPortraitUpsideDown UIInterfaceOrientationLandscapeLeft UIInterfaceOrientationLandscapeRight";
				INFOPLIST_KEY_UISupportedInterfaceOrientations_iPhone = "UIInterfaceOrientationPortrait UIInterfaceOrientationLandscapeLeft UIInterfaceOrientationLandscapeRight";
				LD_RUNPATH_SEARCH_PATHS = (
					"$(inherited)",
					"@executable_path/Frameworks",
				);
				MARKETING_VERSION = 1.0;
				PRODUCT_BUNDLE_IDENTIFIER = com.bugfender.movieapi.MovieList;
				PRODUCT_NAME = "$(TARGET_NAME)";
				SWIFT_EMIT_LOC_STRINGS = YES;
				SWIFT_VERSION = 5.0;
				TARGETED_DEVICE_FAMILY = "1,2";
			};
			name = Release;
		};
		353A79A52AF417A5009230F2 /* Debug */ = {
			isa = XCBuildConfiguration;
			buildSettings = {
				ALWAYS_EMBED_SWIFT_STANDARD_LIBRARIES = YES;
				BUNDLE_LOADER = "$(TEST_HOST)";
				CODE_SIGN_STYLE = Automatic;
				CURRENT_PROJECT_VERSION = 1;
				DEVELOPMENT_TEAM = 8H8FM59XU5;
				GENERATE_INFOPLIST_FILE = YES;
				IPHONEOS_DEPLOYMENT_TARGET = 17.0;
				MARKETING_VERSION = 1.0;
				PRODUCT_BUNDLE_IDENTIFIER = com.bugfender.movieapi.MovieListTests;
				PRODUCT_NAME = "$(TARGET_NAME)";
				SWIFT_EMIT_LOC_STRINGS = NO;
				SWIFT_VERSION = 5.0;
				TARGETED_DEVICE_FAMILY = "1,2";
				TEST_HOST = "$(BUILT_PRODUCTS_DIR)/MovieList.app/$(BUNDLE_EXECUTABLE_FOLDER_PATH)/MovieList";
			};
			name = Debug;
		};
		353A79A62AF417A5009230F2 /* Release */ = {
			isa = XCBuildConfiguration;
			buildSettings = {
				ALWAYS_EMBED_SWIFT_STANDARD_LIBRARIES = YES;
				BUNDLE_LOADER = "$(TEST_HOST)";
				CODE_SIGN_STYLE = Automatic;
				CURRENT_PROJECT_VERSION = 1;
				DEVELOPMENT_TEAM = 8H8FM59XU5;
				GENERATE_INFOPLIST_FILE = YES;
				IPHONEOS_DEPLOYMENT_TARGET = 17.0;
				MARKETING_VERSION = 1.0;
				PRODUCT_BUNDLE_IDENTIFIER = com.bugfender.movieapi.MovieListTests;
				PRODUCT_NAME = "$(TARGET_NAME)";
				SWIFT_EMIT_LOC_STRINGS = NO;
				SWIFT_VERSION = 5.0;
				TARGETED_DEVICE_FAMILY = "1,2";
				TEST_HOST = "$(BUILT_PRODUCTS_DIR)/MovieList.app/$(BUNDLE_EXECUTABLE_FOLDER_PATH)/MovieList";
			};
			name = Release;
		};
		353A79A82AF417A5009230F2 /* Debug */ = {
			isa = XCBuildConfiguration;
			buildSettings = {
				ALWAYS_EMBED_SWIFT_STANDARD_LIBRARIES = YES;
				CODE_SIGN_STYLE = Automatic;
				CURRENT_PROJECT_VERSION = 1;
				DEVELOPMENT_TEAM = 8H8FM59XU5;
				GENERATE_INFOPLIST_FILE = YES;
				MARKETING_VERSION = 1.0;
				PRODUCT_BUNDLE_IDENTIFIER = com.bugfender.movieapi.MovieListUITests;
				PRODUCT_NAME = "$(TARGET_NAME)";
				SWIFT_EMIT_LOC_STRINGS = NO;
				SWIFT_VERSION = 5.0;
				TARGETED_DEVICE_FAMILY = "1,2";
				TEST_TARGET_NAME = MovieList;
			};
			name = Debug;
		};
		353A79A92AF417A5009230F2 /* Release */ = {
			isa = XCBuildConfiguration;
			buildSettings = {
				ALWAYS_EMBED_SWIFT_STANDARD_LIBRARIES = YES;
				CODE_SIGN_STYLE = Automatic;
				CURRENT_PROJECT_VERSION = 1;
				DEVELOPMENT_TEAM = 8H8FM59XU5;
				GENERATE_INFOPLIST_FILE = YES;
				MARKETING_VERSION = 1.0;
				PRODUCT_BUNDLE_IDENTIFIER = com.bugfender.movieapi.MovieListUITests;
				PRODUCT_NAME = "$(TARGET_NAME)";
				SWIFT_EMIT_LOC_STRINGS = NO;
				SWIFT_VERSION = 5.0;
				TARGETED_DEVICE_FAMILY = "1,2";
				TEST_TARGET_NAME = MovieList;
			};
			name = Release;
		};
/* End XCBuildConfiguration section */

/* Begin XCConfigurationList section */
		353A79762AF417A3009230F2 /* Build configuration list for PBXProject "MovieList" */ = {
			isa = XCConfigurationList;
			buildConfigurations = (
				353A799F2AF417A5009230F2 /* Debug */,
				353A79A02AF417A5009230F2 /* Release */,
			);
			defaultConfigurationIsVisible = 0;
			defaultConfigurationName = Release;
		};
		353A79A12AF417A5009230F2 /* Build configuration list for PBXNativeTarget "MovieList" */ = {
			isa = XCConfigurationList;
			buildConfigurations = (
				353A79A22AF417A5009230F2 /* Debug */,
				353A79A32AF417A5009230F2 /* Release */,
			);
			defaultConfigurationIsVisible = 0;
			defaultConfigurationName = Release;
		};
		353A79A42AF417A5009230F2 /* Build configuration list for PBXNativeTarget "MovieListTests" */ = {
			isa = XCConfigurationList;
			buildConfigurations = (
				353A79A52AF417A5009230F2 /* Debug */,
				353A79A62AF417A5009230F2 /* Release */,
			);
			defaultConfigurationIsVisible = 0;
			defaultConfigurationName = Release;
		};
		353A79A72AF417A5009230F2 /* Build configuration list for PBXNativeTarget "MovieListUITests" */ = {
			isa = XCConfigurationList;
			buildConfigurations = (
				353A79A82AF417A5009230F2 /* Debug */,
				353A79A92AF417A5009230F2 /* Release */,
			);
			defaultConfigurationIsVisible = 0;
			defaultConfigurationName = Release;
		};
/* End XCConfigurationList section */

/* Begin XCLocalSwiftPackageReference section */
		35DADF0C2AF419250062FAD2 /* XCLocalSwiftPackageReference "MovieAPI" */ = {
			isa = XCLocalSwiftPackageReference;
			relativePath = MovieAPI;
		};
/* End XCLocalSwiftPackageReference section */

/* Begin XCRemoteSwiftPackageReference section */
		35C37B152AF6C15900F47537 /* XCRemoteSwiftPackageReference "apollo-ios" */ = {
			isa = XCRemoteSwiftPackageReference;
			repositoryURL = "https://github.com/apollographql/apollo-ios.git";
			requirement = {
				kind = upToNextMajorVersion;
				minimumVersion = 1.7.0;
			};
		};
/* End XCRemoteSwiftPackageReference section */

/* Begin XCSwiftPackageProductDependency section */
		35C37B162AF6C15900F47537 /* Apollo */ = {
			isa = XCSwiftPackageProductDependency;
			package = 35C37B152AF6C15900F47537 /* XCRemoteSwiftPackageReference "apollo-ios" */;
			productName = Apollo;
		};
		35DADF0D2AF419250062FAD2 /* MovieAPI */ = {
			isa = XCSwiftPackageProductDependency;
			productName = MovieAPI;
		};
/* End XCSwiftPackageProductDependency section */
	};
	rootObject = 353A79732AF417A3009230F2 /* Project object */;
}
